
Microsoft Visual Studio Solution File, Format Version 12.00
# Visual Studio Version 16
VisualStudioVersion = 16.0.29509.3
MinimumVisualStudioVersion = 10.0.40219.1
Project("{FAE04EC0-301F-11D3-BF4B-00C04F79EFBC}") = "dummyLoginApi", "dummyLoginApi.csproj", "{0AC0505B-CE5C-4199-AA56-F544461E79EF}"
EndProject
Global
	GlobalSection(SolutionConfigurationPlatforms) = preSolution
		Debug|Any CPU = Debug|Any CPU
		Release|Any CPU = Release|Any CPU
	EndGlobalSection
	GlobalSection(ProjectConfigurationPlatforms) = postSolution
		{0AC0505B-CE5C-4199-AA56-F544461E79EF}.Debug|Any CPU.ActiveCfg = Debug|Any CPU
		{0AC0505B-CE5C-4199-AA56-F544461E79EF}.Debug|Any CPU.Build.0 = Debug|Any CPU
		{0AC0505B-CE5C-4199-AA56-F544461E79EF}.Release|Any CPU.ActiveCfg = Release|Any CPU
		{0AC0505B-CE5C-4199-AA56-F544461E79EF}.Release|Any CPU.Build.0 = Release|Any CPU
	EndGlobalSection
	GlobalSection(SolutionProperties) = preSolution
		HideSolutionNode = FALSE
	EndGlobalSection
	GlobalSection(ExtensibilityGlobals) = postSolution
		SolutionGuid = {D7124450-BB20-42D4-B092-8B397DC7F72E}
	EndGlobalSection
EndGlobal
